github.com/sirupsen/logrus v0.10.0 h1:HuiCTW3IFfQLIcxXO+IvYuZViCI9WscalEa0JiuN+7I=
github.com/sirupsen/logrus v0.10.0/go.mod h1:pMByvHTf9Beacp5x1UXfOR9xyW/9antXMhjMPG0dEzc=
github.com/urfave/cli v1.18.0 h1:m9MfmZWX7bwr9kUcs/Asr95j0IVXzGNNc+/5ku2m26Q=
github.com/urfave/cli v1.18.0/go.mod h1:70zkFmudgCuE/ngEzBv17Jvp/497gISqfk5gWijbERA=
golang.org/x/sys v0.0.0-20181011152604-fa43e7bc11ba h1:nZJIJPGow0Kf9bU9QTc1U6OXbs/7Hu4e+cNv+hxH+Zc=
golang.org/x/sys v0.0.0-20181011152604-fa43e7bc11ba/go.mod h1:STP8DvDyc/dI5b8T5hshtkjS+E42TnysNCUPdjciGhY=
